// !$*UTF8*$!
{
	archiveVersion = 1;
	classes = {
	};
	objectVersion = 56;
	objects = {

/* Begin PBXBuildFile section */
		871202A8291D8F250014F201 /* Adv_SwiftUI_WorkshopApp.swift in Sources */ = {isa = PBXBuildFile; fileRef = 871202A7291D8F250014F201 /* Adv_SwiftUI_WorkshopApp.swift */; };
		871202AA291D8F250014F201 /* ContentView.swift in Sources */ = {isa = PBXBuildFile; fileRef = 871202A9291D8F250014F201 /* ContentView.swift */; };
		871202AC291D8F260014F201 /* Assets.xcassets in Resources */ = {isa = PBXBuildFile; fileRef = 871202AB291D8F260014F201 /* Assets.xcassets */; };
		871202B0291D8F260014F201 /* Preview Assets.xcassets in Resources */ = {isa = PBXBuildFile; fileRef = 871202AF291D8F260014F201 /* Preview Assets.xcassets */; };
		871202BA291D8F260014F201 /* Adv_SwiftUI_WorkshopTests.swift in Sources */ = {isa = PBXBuildFile; fileRef = 871202B9291D8F260014F201 /* Adv_SwiftUI_WorkshopTests.swift */; };
		871202C4291D8F260014F201 /* Adv_SwiftUI_WorkshopUITests.swift in Sources */ = {isa = PBXBuildFile; fileRef = 871202C3291D8F260014F201 /* Adv_SwiftUI_WorkshopUITests.swift */; };
		871202C6291D8F260014F201 /* Adv_SwiftUI_WorkshopUITestsLaunchTests.swift in Sources */ = {isa = PBXBuildFile; fileRef = 871202C5291D8F260014F201 /* Adv_SwiftUI_WorkshopUITestsLaunchTests.swift */; };
/* End PBXBuildFile section */

/* Begin PBXContainerItemProxy section */
		871202B6291D8F260014F201 /* PBXContainerItemProxy */ = {
			isa = PBXContainerItemProxy;
			containerPortal = 8712029C291D8F250014F201 /* Project object */;
			proxyType = 1;
			remoteGlobalIDString = 871202A3291D8F250014F201;
			remoteInfo = "Adv SwiftUI Workshop";
		};
		871202C0291D8F260014F201 /* PBXContainerItemProxy */ = {
			isa = PBXContainerItemProxy;
			containerPortal = 8712029C291D8F250014F201 /* Project object */;
			proxyType = 1;
			remoteGlobalIDString = 871202A3291D8F250014F201;
			remoteInfo = "Adv SwiftUI Workshop";
		};
/* End PBXContainerItemProxy section */

/* Begin PBXFileReference section */
		871202A4291D8F250014F201 /* Adv SwiftUI Workshop.app */ = {isa = PBXFileReference; explicitFileType = wrapper.application; includeInIndex = 0; path = "Adv SwiftUI Workshop.app"; sourceTree = BUILT_PRODUCTS_DIR; };
		871202A7291D8F250014F201 /* Adv_SwiftUI_WorkshopApp.swift */ = {isa = PBXFileReference; lastKnownFileType = sourcecode.swift; path = Adv_SwiftUI_WorkshopApp.swift; sourceTree = "<group>"; };
		871202A9291D8F250014F201 /* ContentView.swift */ = {isa = PBXFileReference; lastKnownFileType = sourcecode.swift; path = ContentView.swift; sourceTree = "<group>"; };
		871202AB291D8F260014F201 /* Assets.xcassets */ = {isa = PBXFileReference; lastKnownFileType = folder.assetcatalog; path = Assets.xcassets; sourceTree = "<group>"; };
		871202AD291D8F260014F201 /* Adv_SwiftUI_Workshop.entitlements */ = {isa = PBXFileReference; lastKnownFileType = text.plist.entitlements; path = Adv_SwiftUI_Workshop.entitlements; sourceTree = "<group>"; };
		871202AF291D8F260014F201 /* Preview Assets.xcassets */ = {isa = PBXFileReference; lastKnownFileType = folder.assetcatalog; path = "Preview Assets.xcassets"; sourceTree = "<group>"; };
		871202B5291D8F260014F201 /* Adv SwiftUI WorkshopTests.xctest */ = {isa = PBXFileReference; explicitFileType = wrapper.cfbundle; includeInIndex = 0; path = "Adv SwiftUI WorkshopTests.xctest"; sourceTree = BUILT_PRODUCTS_DIR; };
		871202B9291D8F260014F201 /* Adv_SwiftUI_WorkshopTests.swift */ = {isa = PBXFileReference; lastKnownFileType = sourcecode.swift; path = Adv_SwiftUI_WorkshopTests.swift; sourceTree = "<group>"; };
		871202BF291D8F260014F201 /* Adv SwiftUI WorkshopUITests.xctest */ = {isa = PBXFileReference; explicitFileType = wrapper.cfbundle; includeInIndex = 0; path = "Adv SwiftUI WorkshopUITests.xctest"; sourceTree = BUILT_PRODUCTS_DIR; };
		871202C3291D8F260014F201 /* Adv_SwiftUI_WorkshopUITests.swift */ = {isa = PBXFileReference; lastKnownFileType = sourcecode.swift; path = Adv_SwiftUI_WorkshopUITests.swift; sourceTree = "<group>"; };
		871202C5291D8F260014F201 /* Adv_SwiftUI_WorkshopUITestsLaunchTests.swift */ = {isa = PBXFileReference; lastKnownFileType = sourcecode.swift; path = Adv_SwiftUI_WorkshopUITestsLaunchTests.swift; sourceTree = "<group>"; };
/* End PBXFileReference section */

/* Begin PBXFrameworksBuildPhase section */
		871202A1291D8F250014F201 /* Frameworks */ = {
			isa = PBXFrameworksBuildPhase;
			buildActionMask = 2147483647;
			files = (
			);
			runOnlyForDeploymentPostprocessing = 0;
		};
		871202B2291D8F260014F201 /* Frameworks */ = {
			isa = PBXFrameworksBuildPhase;
			buildActionMask = 2147483647;
			files = (
			);
			runOnlyForDeploymentPostprocessing = 0;
		};
		871202BC291D8F260014F201 /* Frameworks */ = {
			isa = PBXFrameworksBuildPhase;
			buildActionMask = 2147483647;
			files = (
			);
			runOnlyForDeploymentPostprocessing = 0;
		};
/* End PBXFrameworksBuildPhase section */

/* Begin PBXGroup section */
		8712029B291D8F250014F201 = {
			isa = PBXGroup;
			children = (
				871202A6291D8F250014F201 /* Adv SwiftUI Workshop */,
				871202B8291D8F260014F201 /* Adv SwiftUI WorkshopTests */,
				871202C2291D8F260014F201 /* Adv SwiftUI WorkshopUITests */,
				871202A5291D8F250014F201 /* Products */,
			);
			sourceTree = "<group>";
		};
		871202A5291D8F250014F201 /* Products */ = {
			isa = PBXGroup;
			children = (
				871202A4291D8F250014F201 /* Adv SwiftUI Workshop.app */,
				871202B5291D8F260014F201 /* Adv SwiftUI WorkshopTests.xctest */,
				871202BF291D8F260014F201 /* Adv SwiftUI WorkshopUITests.xctest */,
			);
			name = Products;
			sourceTree = "<group>";
		};
		871202A6291D8F250014F201 /* Adv SwiftUI Workshop */ = {
			isa = PBXGroup;
			children = (
				871202A7291D8F250014F201 /* Adv_SwiftUI_WorkshopApp.swift */,
				871202A9291D8F250014F201 /* ContentView.swift */,
				871202AB291D8F260014F201 /* Assets.xcassets */,
				871202AD291D8F260014F201 /* Adv_SwiftUI_Workshop.entitlements */,
				871202AE291D8F260014F201 /* Preview Content */,
			);
			path = "Adv SwiftUI Workshop";
			sourceTree = "<group>";
		};
		871202AE291D8F260014F201 /* Preview Content */ = {
			isa = PBXGroup;
			children = (
				871202AF291D8F260014F201 /* Preview Assets.xcassets */,
			);
			path = "Preview Content";
			sourceTree = "<group>";
		};
		871202B8291D8F260014F201 /* Adv SwiftUI WorkshopTests */ = {
			isa = PBXGroup;
			children = (
				871202B9291D8F260014F201 /* Adv_SwiftUI_WorkshopTests.swift */,
			);
			path = "Adv SwiftUI WorkshopTests";
			sourceTree = "<group>";
		};
		871202C2291D8F260014F201 /* Adv SwiftUI WorkshopUITests */ = {
			isa = PBXGroup;
			children = (
				871202C3291D8F260014F201 /* Adv_SwiftUI_WorkshopUITests.swift */,
				871202C5291D8F260014F201 /* Adv_SwiftUI_WorkshopUITestsLaunchTests.swift */,
			);
			path = "Adv SwiftUI WorkshopUITests";
			sourceTree = "<group>";
		};
/* End PBXGroup section */

/* Begin PBXNativeTarget section */
		871202A3291D8F250014F201 /* Adv SwiftUI Workshop */ = {
			isa = PBXNativeTarget;
			buildConfigurationList = 871202C9291D8F260014F201 /* Build configuration list for PBXNativeTarget "Adv SwiftUI Workshop" */;
			buildPhases = (
				871202A0291D8F250014F201 /* Sources */,
				871202A1291D8F250014F201 /* Frameworks */,
				871202A2291D8F250014F201 /* Resources */,
			);
			buildRules = (
			);
			dependencies = (
			);
			name = "Adv SwiftUI Workshop";
			productName = "Adv SwiftUI Workshop";
			productReference = 871202A4291D8F250014F201 /* Adv SwiftUI Workshop.app */;
			productType = "com.apple.product-type.application";
		};
		871202B4291D8F260014F201 /* Adv SwiftUI WorkshopTests */ = {
			isa = PBXNativeTarget;
			buildConfigurationList = 871202CC291D8F260014F201 /* Build configuration list for PBXNativeTarget "Adv SwiftUI WorkshopTests" */;
			buildPhases = (
				871202B1291D8F260014F201 /* Sources */,
				871202B2291D8F260014F201 /* Frameworks */,
				871202B3291D8F260014F201 /* Resources */,
			);
			buildRules = (
			);
			dependencies = (
				871202B7291D8F260014F201 /* PBXTargetDependency */,
			);
			name = "Adv SwiftUI WorkshopTests";
			productName = "Adv SwiftUI WorkshopTests";
			productReference = 871202B5291D8F260014F201 /* Adv SwiftUI WorkshopTests.xctest */;
			productType = "com.apple.product-type.bundle.unit-test";
		};
		871202BE291D8F260014F201 /* Adv SwiftUI WorkshopUITests */ = {
			isa = PBXNativeTarget;
			buildConfigurationList = 871202CF291D8F260014F201 /* Build configuration list for PBXNativeTarget "Adv SwiftUI WorkshopUITests" */;
			buildPhases = (
				871202BB291D8F260014F201 /* Sources */,
				871202BC291D8F260014F201 /* Frameworks */,
				871202BD291D8F260014F201 /* Resources */,
			);
			buildRules = (
			);
			dependencies = (
				871202C1291D8F260014F201 /* PBXTargetDependency */,
			);
			name = "Adv SwiftUI WorkshopUITests";
			productName = "Adv SwiftUI WorkshopUITests";
			productReference = 871202BF291D8F260014F201 /* Adv SwiftUI WorkshopUITests.xctest */;
			productType = "com.apple.product-type.bundle.ui-testing";
		};
/* End PBXNativeTarget section */

/* Begin PBXProject section */
		8712029C291D8F250014F201 /* Project object */ = {
			isa = PBXProject;
			attributes = {
				BuildIndependentTargetsInParallel = 1;
				LastSwiftUpdateCheck = 1410;
				LastUpgradeCheck = 1410;
				TargetAttributes = {
					871202A3291D8F250014F201 = {
						CreatedOnToolsVersion = 14.1;
					};
					871202B4291D8F260014F201 = {
						CreatedOnToolsVersion = 14.1;
						TestTargetID = 871202A3291D8F250014F201;
					};
					871202BE291D8F260014F201 = {
						CreatedOnToolsVersion = 14.1;
						TestTargetID = 871202A3291D8F250014F201;
					};
				};
			};
			buildConfigurationList = 8712029F291D8F250014F201 /* Build configuration list for PBXProject "Adv SwiftUI Workshop" */;
			compatibilityVersion = "Xcode 14.0";
			developmentRegion = en;
			hasScannedForEncodings = 0;
			knownRegions = (
				en,
				Base,
			);
			mainGroup = 8712029B291D8F250014F201;
			productRefGroup = 871202A5291D8F250014F201 /* Products */;
			projectDirPath = "";
			projectRoot = "";
			targets = (
				871202A3291D8F250014F201 /* Adv SwiftUI Workshop */,
				871202B4291D8F260014F201 /* Adv SwiftUI WorkshopTests */,
				871202BE291D8F260014F201 /* Adv SwiftUI WorkshopUITests */,
			);
		};
/* End PBXProject section */

/* Begin PBXResourcesBuildPhase section */
		871202A2291D8F250014F201 /* Resources */ = {
			isa = PBXResourcesBuildPhase;
			buildActionMask = 2147483647;
			files = (
				871202B0291D8F260014F201 /* Preview Assets.xcassets in Resources */,
				871202AC291D8F260014F201 /* Assets.xcassets in Resources */,
			);
			runOnlyForDeploymentPostprocessing = 0;
		};
		871202B3291D8F260014F201 /* Resources */ = {
			isa = PBXResourcesBuildPhase;
			buildActionMask = 2147483647;
			files = (
			);
			runOnlyForDeploymentPostprocessing = 0;
		};
		871202BD291D8F260014F201 /* Resources */ = {
			isa = PBXResourcesBuildPhase;
			buildActionMask = 2147483647;
			files = (
			);
			runOnlyForDeploymentPostprocessing = 0;
		};
/* End PBXResourcesBuildPhase section */

/* Begin PBXSourcesBuildPhase section */
		871202A0291D8F250014F201 /* Sources */ = {
			isa = PBXSourcesBuildPhase;
			buildActionMask = 2147483647;
			files = (
				871202AA291D8F250014F201 /* ContentView.swift in Sources */,
				871202A8291D8F250014F201 /* Adv_SwiftUI_WorkshopApp.swift in Sources */,
			);
			runOnlyForDeploymentPostprocessing = 0;
		};
		871202B1291D8F260014F201 /* Sources */ = {
			isa = PBXSourcesBuildPhase;
			buildActionMask = 2147483647;
			files = (
				871202BA291D8F260014F201 /* Adv_SwiftUI_WorkshopTests.swift in Sources */,
			);
			runOnlyForDeploymentPostprocessing = 0;
		};
		871202BB291D8F260014F201 /* Sources */ = {
			isa = PBXSourcesBuildPhase;
			buildActionMask = 2147483647;
			files = (
				871202C4291D8F260014F201 /* Adv_SwiftUI_WorkshopUITests.swift in Sources */,
				871202C6291D8F260014F201 /* Adv_SwiftUI_WorkshopUITestsLaunchTests.swift in Sources */,
			);
			runOnlyForDeploymentPostprocessing = 0;
		};
/* End PBXSourcesBuildPhase section */

/* Begin PBXTargetDependency section */
		871202B7291D8F260014F201 /* PBXTargetDependency */ = {
			isa = PBXTargetDependency;
			target = 871202A3291D8F250014F201 /* Adv SwiftUI Workshop */;
			targetProxy = 871202B6291D8F260014F201 /* PBXContainerItemProxy */;
		};
		871202C1291D8F260014F201 /* PBXTargetDependency */ = {
			isa = PBXTargetDependency;
			target = 871202A3291D8F250014F201 /* Adv SwiftUI Workshop */;
			targetProxy = 871202C0291D8F260014F201 /* PBXContainerItemProxy */;
		};
/* End PBXTargetDependency section */

/* Begin XCBuildConfiguration section */
		871202C7291D8F260014F201 /* Debug */ = {
			isa = XCBuildConfiguration;
			buildSettings = {
				ALWAYS_SEARCH_USER_PATHS = NO;
				CLANG_ANALYZER_NONNULL = YES;
				CLANG_ANALYZER_NUMBER_OBJECT_CONVERSION = YES_AGGRESSIVE;
				CLANG_CXX_LANGUAGE_STANDARD = "gnu++20";
				CLANG_ENABLE_MODULES = YES;
				CLANG_ENABLE_OBJC_ARC = YES;
				CLANG_ENABLE_OBJC_WEAK = YES;
				CLANG_WARN_BLOCK_CAPTURE_AUTORELEASING = YES;
				CLANG_WARN_BOOL_CONVERSION = YES;
				CLANG_WARN_COMMA = YES;
				CLANG_WARN_CONSTANT_CONVERSION = YES;
				CLANG_WARN_DEPRECATED_OBJC_IMPLEMENTATIONS = YES;
				CLANG_WARN_DIRECT_OBJC_ISA_USAGE = YES_ERROR;
				CLANG_WARN_DOCUMENTATION_COMMENTS = YES;
				CLANG_WARN_EMPTY_BODY = YES;
				CLANG_WARN_ENUM_CONVERSION = YES;
				CLANG_WARN_INFINITE_RECURSION = YES;
				CLANG_WARN_INT_CONVERSION = YES;
				CLANG_WARN_NON_LITERAL_NULL_CONVERSION = YES;
				CLANG_WARN_OBJC_IMPLICIT_RETAIN_SELF = YES;
				CLANG_WARN_OBJC_LITERAL_CONVERSION = YES;
				CLANG_WARN_OBJC_ROOT_CLASS = YES_ERROR;
				CLANG_WARN_QUOTED_INCLUDE_IN_FRAMEWORK_HEADER = YES;
				CLANG_WARN_RANGE_LOOP_ANALYSIS = YES;
				CLANG_WARN_STRICT_PROTOTYPES = YES;
				CLANG_WARN_SUSPICIOUS_MOVE = YES;
				CLANG_WARN_UNGUARDED_AVAILABILITY = YES_AGGRESSIVE;
				CLANG_WARN_UNREACHABLE_CODE = YES;
				CLANG_WARN__DUPLICATE_METHOD_MATCH = YES;
				COPY_PHASE_STRIP = NO;
				DEBUG_INFORMATION_FORMAT = dwarf;
				ENABLE_STRICT_OBJC_MSGSEND = YES;
				ENABLE_TESTABILITY = YES;
				GCC_C_LANGUAGE_STANDARD = gnu11;
				GCC_DYNAMIC_NO_PIC = NO;
				GCC_NO_COMMON_BLOCKS = YES;
				GCC_OPTIMIZATION_LEVEL = 0;
				GCC_PREPROCESSOR_DEFINITIONS = (
					"DEBUG=1",
					"$(inherited)",
				);
				GCC_WARN_64_TO_32_BIT_CONVERSION = YES;
				GCC_WARN_ABOUT_RETURN_TYPE = YES_ERROR;
				GCC_WARN_UNDECLARED_SELECTOR = YES;
				GCC_WARN_UNINITIALIZED_AUTOS = YES_AGGRESSIVE;
				GCC_WARN_UNUSED_FUNCTION = YES;
				GCC_WARN_UNUSED_VARIABLE = YES;
				MTL_ENABLE_DEBUG_INFO = INCLUDE_SOURCE;
				MTL_FAST_MATH = YES;
				ONLY_ACTIVE_ARCH = YES;
				SWIFT_ACTIVE_COMPILATION_CONDITIONS = DEBUG;
				SWIFT_OPTIMIZATION_LEVEL = "-Onone";
			};
			name = Debug;
		};
		871202C8291D8F260014F201 /* Release */ = {
			isa = XCBuildConfiguration;
			buildSettings = {
				ALWAYS_SEARCH_USER_PATHS = NO;
				CLANG_ANALYZER_NONNULL = YES;
				CLANG_ANALYZER_NUMBER_OBJECT_CONVERSION = YES_AGGRESSIVE;
				CLANG_CXX_LANGUAGE_STANDARD = "gnu++20";
				CLANG_ENABLE_MODULES = YES;
				CLANG_ENABLE_OBJC_ARC = YES;
				CLANG_ENABLE_OBJC_WEAK = YES;
				CLANG_WARN_BLOCK_CAPTURE_AUTORELEASING = YES;
				CLANG_WARN_BOOL_CONVERSION = YES;
				CLANG_WARN_COMMA = YES;
				CLANG_WARN_CONSTANT_CONVERSION = YES;
				CLANG_WARN_DEPRECATED_OBJC_IMPLEMENTATIONS = YES;
				CLANG_WARN_DIRECT_OBJC_ISA_USAGE = YES_ERROR;
				CLANG_WARN_DOCUMENTATION_COMMENTS = YES;
				CLANG_WARN_EMPTY_BODY = YES;
				CLANG_WARN_ENUM_CONVERSION = YES;
				CLANG_WARN_INFINITE_RECURSION = YES;
				CLANG_WARN_INT_CONVERSION = YES;
				CLANG_WARN_NON_LITERAL_NULL_CONVERSION = YES;
				CLANG_WARN_OBJC_IMPLICIT_RETAIN_SELF = YES;
				CLANG_WARN_OBJC_LITERAL_CONVERSION = YES;
				CLANG_WARN_OBJC_ROOT_CLASS = YES_ERROR;
				CLANG_WARN_QUOTED_INCLUDE_IN_FRAMEWORK_HEADER = YES;
				CLANG_WARN_RANGE_LOOP_ANALYSIS = YES;
				CLANG_WARN_STRICT_PROTOTYPES = YES;
				CLANG_WARN_SUSPICIOUS_MOVE = YES;
				CLANG_WARN_UNGUARDED_AVAILABILITY = YES_AGGRESSIVE;
				CLANG_WARN_UNREACHABLE_CODE = YES;
				CLANG_WARN__DUPLICATE_METHOD_MATCH = YES;
				COPY_PHASE_STRIP = NO;
				DEBUG_INFORMATION_FORMAT = "dwarf-with-dsym";
				ENABLE_NS_ASSERTIONS = NO;
				ENABLE_STRICT_OBJC_MSGSEND = YES;
				GCC_C_LANGUAGE_STANDARD = gnu11;
				GCC_NO_COMMON_BLOCKS = YES;
				GCC_WARN_64_TO_32_BIT_CONVERSION = YES;
				GCC_WARN_ABOUT_RETURN_TYPE = YES_ERROR;
				GCC_WARN_UNDECLARED_SELECTOR = YES;
				GCC_WARN_UNINITIALIZED_AUTOS = YES_AGGRESSIVE;
				GCC_WARN_UNUSED_FUNCTION = YES;
				GCC_WARN_UNUSED_VARIABLE = YES;
				MTL_ENABLE_DEBUG_INFO = NO;
				MTL_FAST_MATH = YES;
				SWIFT_COMPILATION_MODE = wholemodule;
				SWIFT_OPTIMIZATION_LEVEL = "-O";
			};
			name = Release;
		};
		871202CA291D8F260014F201 /* Debug */ = {
			isa = XCBuildConfiguration;
			buildSettings = {
				ASSETCATALOG_COMPILER_APPICON_NAME = AppIcon;
				ASSETCATALOG_COMPILER_GLOBAL_ACCENT_COLOR_NAME = AccentColor;
				CODE_SIGN_ENTITLEMENTS = "Adv SwiftUI Workshop/Adv_SwiftUI_Workshop.entitlements";
				CODE_SIGN_STYLE = Automatic;
				CURRENT_PROJECT_VERSION = 1;
				DEVELOPMENT_ASSET_PATHS = "\"Adv SwiftUI Workshop/Preview Content\"";
				ENABLE_PREVIEWS = YES;
				GENERATE_INFOPLIST_FILE = YES;
				"INFOPLIST_KEY_UIApplicationSceneManifest_Generation[sdk=iphoneos*]" = YES;
				"INFOPLIST_KEY_UIApplicationSceneManifest_Generation[sdk=iphonesimulator*]" = YES;
				"INFOPLIST_KEY_UIApplicationSupportsIndirectInputEvents[sdk=iphoneos*]" = YES;
				"INFOPLIST_KEY_UIApplicationSupportsIndirectInputEvents[sdk=iphonesimulator*]" = YES;
				"INFOPLIST_KEY_UILaunchScreen_Generation[sdk=iphoneos*]" = YES;
				"INFOPLIST_KEY_UILaunchScreen_Generation[sdk=iphonesimulator*]" = YES;
				"INFOPLIST_KEY_UIStatusBarStyle[sdk=iphoneos*]" = UIStatusBarStyleDefault;
				"INFOPLIST_KEY_UIStatusBarStyle[sdk=iphonesimulator*]" = UIStatusBarStyleDefault;
				INFOPLIST_KEY_UISupportedInterfaceOrientations_iPad = "UIInterfaceOrientationPortrait UIInterfaceOrientationPortraitUpsideDown UIInterfaceOrientationLandscapeLeft UIInterfaceOrientationLandscapeRight";
				INFOPLIST_KEY_UISupportedInterfaceOrientations_iPhone = "UIInterfaceOrientationPortrait UIInterfaceOrientationLandscapeLeft UIInterfaceOrientationLandscapeRight";
				IPHONEOS_DEPLOYMENT_TARGET = 16.1;
				LD_RUNPATH_SEARCH_PATHS = "@executable_path/Frameworks";
				"LD_RUNPATH_SEARCH_PATHS[sdk=macosx*]" = "@executable_path/../Frameworks";
				MACOSX_DEPLOYMENT_TARGET = 12.6;
				MARKETING_VERSION = 1.0;
				PRODUCT_BUNDLE_IDENTIFIER = "arvid95.Adv-SwiftUI-Workshop";
				PRODUCT_NAME = "$(TARGET_NAME)";
				SDKROOT = auto;
				SUPPORTED_PLATFORMS = "iphoneos iphonesimulator macosx";
				SWIFT_EMIT_LOC_STRINGS = YES;
				SWIFT_VERSION = 5.0;
				TARGETED_DEVICE_FAMILY = "1,2";
			};
			name = Debug;
		};
		871202CB291D8F260014F201 /* Release */ = {
			isa = XCBuildConfiguration;
			buildSettings = {
				ASSETCATALOG_COMPILER_APPICON_NAME = AppIcon;
				ASSETCATALOG_COMPILER_GLOBAL_ACCENT_COLOR_NAME = AccentColor;
				CODE_SIGN_ENTITLEMENTS = "Adv SwiftUI Workshop/Adv_SwiftUI_Workshop.entitlements";
				CODE_SIGN_STYLE = Automatic;
				CURRENT_PROJECT_VERSION = 1;
				DEVELOPMENT_ASSET_PATHS = "\"Adv SwiftUI Workshop/Preview Content\"";
				ENABLE_PREVIEWS = YES;
				GENERATE_INFOPLIST_FILE = YES;
				"INFOPLIST_KEY_UIApplicationSceneManifest_Generation[sdk=iphoneos*]" = YES;
				"INFOPLIST_KEY_UIApplicationSceneManifest_Generation[sdk=iphonesimulator*]" = YES;
				"INFOPLIST_KEY_UIApplicationSupportsIndirectInputEvents[sdk=iphoneos*]" = YES;
				"INFOPLIST_KEY_UIApplicationSupportsIndirectInputEvents[sdk=iphonesimulator*]" = YES;
				"INFOPLIST_KEY_UILaunchScreen_Generation[sdk=iphoneos*]" = YES;
				"INFOPLIST_KEY_UILaunchScreen_Generation[sdk=iphonesimulator*]" = YES;
				"INFOPLIST_KEY_UIStatusBarStyle[sdk=iphoneos*]" = UIStatusBarStyleDefault;
				"INFOPLIST_KEY_UIStatusBarStyle[sdk=iphonesimulator*]" = UIStatusBarStyleDefault;
				INFOPLIST_KEY_UISupportedInterfaceOrientations_iPad = "UIInterfaceOrientationPortrait UIInterfaceOrientationPortraitUpsideDown UIInterfaceOrientationLandscapeLeft UIInterfaceOrientationLandscapeRight";
				INFOPLIST_KEY_UISupportedInterfaceOrientations_iPhone = "UIInterfaceOrientationPortrait UIInterfaceOrientationLandscapeLeft UIInterfaceOrientationLandscapeRight";
				IPHONEOS_DEPLOYMENT_TARGET = 16.1;
				LD_RUNPATH_SEARCH_PATHS = "@executable_path/Frameworks";
				"LD_RUNPATH_SEARCH_PATHS[sdk=macosx*]" = "@executable_path/../Frameworks";
				MACOSX_DEPLOYMENT_TARGET = 12.6;
				MARKETING_VERSION = 1.0;
				PRODUCT_BUNDLE_IDENTIFIER = "arvid95.Adv-SwiftUI-Workshop";
				PRODUCT_NAME = "$(TARGET_NAME)";
				SDKROOT = auto;
				SUPPORTED_PLATFORMS = "iphoneos iphonesimulator macosx";
				SWIFT_EMIT_LOC_STRINGS = YES;
				SWIFT_VERSION = 5.0;
				TARGETED_DEVICE_FAMILY = "1,2";
			};
			name = Release;
		};
		871202CD291D8F260014F201 /* Debug */ = {
			isa = XCBuildConfiguration;
			buildSettings = {
				ALWAYS_EMBED_SWIFT_STANDARD_LIBRARIES = YES;
				BUNDLE_LOADER = "$(TEST_HOST)";
				CODE_SIGN_STYLE = Automatic;
				CURRENT_PROJECT_VERSION = 1;
				GENERATE_INFOPLIST_FILE = YES;
				IPHONEOS_DEPLOYMENT_TARGET = 16.1;
				MACOSX_DEPLOYMENT_TARGET = 12.6;
				MARKETING_VERSION = 1.0;
				PRODUCT_BUNDLE_IDENTIFIER = "arvid95.Adv-SwiftUI-WorkshopTests";
				PRODUCT_NAME = "$(TARGET_NAME)";
				SDKROOT = auto;
				SUPPORTED_PLATFORMS = "iphoneos iphonesimulator macosx";
				SWIFT_EMIT_LOC_STRINGS = NO;
				SWIFT_VERSION = 5.0;
				TARGETED_DEVICE_FAMILY = "1,2";
				TEST_HOST = "$(BUILT_PRODUCTS_DIR)/Adv SwiftUI Workshop.app/$(BUNDLE_EXECUTABLE_FOLDER_PATH)/Adv SwiftUI Workshop";
			};
			name = Debug;
		};
		871202CE291D8F260014F201 /* Release */ = {
			isa = XCBuildConfiguration;
			buildSettings = {
				ALWAYS_EMBED_SWIFT_STANDARD_LIBRARIES = YES;
				BUNDLE_LOADER = "$(TEST_HOST)";
				CODE_SIGN_STYLE = Automatic;
				CURRENT_PROJECT_VERSION = 1;
				GENERATE_INFOPLIST_FILE = YES;
				IPHONEOS_DEPLOYMENT_TARGET = 16.1;
				MACOSX_DEPLOYMENT_TARGET = 12.6;
				MARKETING_VERSION = 1.0;
				PRODUCT_BUNDLE_IDENTIFIER = "arvid95.Adv-SwiftUI-WorkshopTests";
				PRODUCT_NAME = "$(TARGET_NAME)";
				SDKROOT = auto;
				SUPPORTED_PLATFORMS = "iphoneos iphonesimulator macosx";
				SWIFT_EMIT_LOC_STRINGS = NO;
				SWIFT_VERSION = 5.0;
				TARGETED_DEVICE_FAMILY = "1,2";
				TEST_HOST = "$(BUILT_PRODUCTS_DIR)/Adv SwiftUI Workshop.app/$(BUNDLE_EXECUTABLE_FOLDER_PATH)/Adv SwiftUI Workshop";
			};
			name = Release;
		};
		871202D0291D8F260014F201 /* Debug */ = {
			isa = XCBuildConfiguration;
			buildSettings = {
				ALWAYS_EMBED_SWIFT_STANDARD_LIBRARIES = YES;
				CODE_SIGN_STYLE = Automatic;
				CURRENT_PROJECT_VERSION = 1;
				GENERATE_INFOPLIST_FILE = YES;
				IPHONEOS_DEPLOYMENT_TARGET = 16.1;
				MACOSX_DEPLOYMENT_TARGET = 12.6;
				MARKETING_VERSION = 1.0;
				PRODUCT_BUNDLE_IDENTIFIER = "arvid95.Adv-SwiftUI-WorkshopUITests";
				PRODUCT_NAME = "$(TARGET_NAME)";
				SDKROOT = auto;
				SUPPORTED_PLATFORMS = "iphoneos iphonesimulator macosx";
				SWIFT_EMIT_LOC_STRINGS = NO;
				SWIFT_VERSION = 5.0;
				TARGETED_DEVICE_FAMILY = "1,2";
				TEST_TARGET_NAME = "Adv SwiftUI Workshop";
			};
			name = Debug;
		};
		871202D1291D8F260014F201 /* Release */ = {
			isa = XCBuildConfiguration;
			buildSettings = {
				ALWAYS_EMBED_SWIFT_STANDARD_LIBRARIES = YES;
				CODE_SIGN_STYLE = Automatic;
				CURRENT_PROJECT_VERSION = 1;
				GENERATE_INFOPLIST_FILE = YES;
				IPHONEOS_DEPLOYMENT_TARGET = 16.1;
				MACOSX_DEPLOYMENT_TARGET = 12.6;
				MARKETING_VERSION = 1.0;
				PRODUCT_BUNDLE_IDENTIFIER = "arvid95.Adv-SwiftUI-WorkshopUITests";
				PRODUCT_NAME = "$(TARGET_NAME)";
				SDKROOT = auto;
				SUPPORTED_PLATFORMS = "iphoneos iphonesimulator macosx";
				SWIFT_EMIT_LOC_STRINGS = NO;
				SWIFT_VERSION = 5.0;
				TARGETED_DEVICE_FAMILY = "1,2";
				TEST_TARGET_NAME = "Adv SwiftUI Workshop";
			};
			name = Release;
		};
/* End XCBuildConfiguration section */

/* Begin XCConfigurationList section */
		8712029F291D8F250014F201 /* Build configuration list for PBXProject "Adv SwiftUI Workshop" */ = {
			isa = XCConfigurationList;
			buildConfigurations = (
				871202C7291D8F260014F201 /* Debug */,
				871202C8291D8F260014F201 /* Release */,
			);
			defaultConfigurationIsVisible = 0;
			defaultConfigurationName = Release;
		};
		871202C9291D8F260014F201 /* Build configuration list for PBXNativeTarget "Adv SwiftUI Workshop" */ = {
			isa = XCConfigurationList;
			buildConfigurations = (
				871202CA291D8F260014F201 /* Debug */,
				871202CB291D8F260014F201 /* Release */,
			);
			defaultConfigurationIsVisible = 0;
			defaultConfigurationName = Release;
		};
		871202CC291D8F260014F201 /* Build configuration list for PBXNativeTarget "Adv SwiftUI WorkshopTests" */ = {
			isa = XCConfigurationList;
			buildConfigurations = (
				871202CD291D8F260014F201 /* Debug */,
				871202CE291D8F260014F201 /* Release */,
			);
			defaultConfigurationIsVisible = 0;
			defaultConfigurationName = Release;
		};
		871202CF291D8F260014F201 /* Build configuration list for PBXNativeTarget "Adv SwiftUI WorkshopUITests" */ = {
			isa = XCConfigurationList;
			buildConfigurations = (
				871202D0291D8F260014F201 /* Debug */,
				871202D1291D8F260014F201 /* Release */,
			);
			defaultConfigurationIsVisible = 0;
			defaultConfigurationName = Release;
		};
/* End XCConfigurationList section */
	};
	rootObject = 8712029C291D8F250014F201 /* Project object */;
}
